
Microsoft Visual Studio Solution File, Format Version 12.00
# Visual Studio Version 16
VisualStudioVersion = 16.0.29709.97
MinimumVisualStudioVersion = 10.0.40219.1
Project("{FAE04EC0-301F-11D3-BF4B-00C04F79EFBC}") = "practice", "practice\practice.csproj", "{CA818DB0-816C-4951-94E8-7AF15D93A85D}"
EndProject
Global
	GlobalSection(SolutionConfigurationPlatforms) = preSolution
		Debug|Any CPU = Debug|Any CPU
		Release|Any CPU = Release|Any CPU
	EndGlobalSection
	GlobalSection(ProjectConfigurationPlatforms) = postSolution
		{CA818DB0-816C-4951-94E8-7AF15D93A85D}.Debug|Any CPU.ActiveCfg = Debug|Any CPU
		{CA818DB0-816C-4951-94E8-7AF15D93A85D}.Debug|Any CPU.Build.0 = Debug|Any CPU
		{CA818DB0-816C-4951-94E8-7AF15D93A85D}.Release|Any CPU.ActiveCfg = Release|Any CPU
		{CA818DB0-816C-4951-94E8-7AF15D93A85D}.Release|Any CPU.Build.0 = Release|Any CPU
	EndGlobalSection
	GlobalSection(SolutionProperties) = preSolution
		HideSolutionNode = FALSE
	EndGlobalSection
	GlobalSection(ExtensibilityGlobals) = postSolution
		SolutionGuid = {6ED8D844-B43D-40E9-A0DA-266AAEAC80AC}
	EndGlobalSection
EndGlobal
